
Microsoft Visual Studio Solution File, Format Version 12.00
# Visual Studio Version 16
VisualStudioVersion = 16.0.31727.386
MinimumVisualStudioVersion = 10.0.40219.1
Project("{FAE04EC0-301F-11D3-BF4B-00C04F79EFBC}") = "WCFConsumerDec2021", "WCFConsumerDec2021\WCFConsumerDec2021.csproj", "{75303E8A-A0B5-4262-B1D7-2688D6CB5058}"
EndProject
Global
	GlobalSection(SolutionConfigurationPlatforms) = preSolution
		Debug|Any CPU = Debug|Any CPU
		Release|Any CPU = Release|Any CPU
	EndGlobalSection
	GlobalSection(ProjectConfigurationPlatforms) = postSolution
		{75303E8A-A0B5-4262-B1D7-2688D6CB5058}.Debug|Any CPU.ActiveCfg = Debug|Any CPU
		{75303E8A-A0B5-4262-B1D7-2688D6CB5058}.Debug|Any CPU.Build.0 = Debug|Any CPU
		{75303E8A-A0B5-4262-B1D7-2688D6CB5058}.Release|Any CPU.ActiveCfg = Release|Any CPU
		{75303E8A-A0B5-4262-B1D7-2688D6CB5058}.Release|Any CPU.Build.0 = Release|Any CPU
	EndGlobalSection
	GlobalSection(SolutionProperties) = preSolution
		HideSolutionNode = FALSE
	EndGlobalSection
	GlobalSection(ExtensibilityGlobals) = postSolution
		SolutionGuid = {C238DF50-9A41-481E-8216-640CB387F8CE}
	EndGlobalSection
EndGlobal
